
Microsoft Visual Studio Solution File, Format Version 12.00
# Visual Studio 15
VisualStudioVersion = 15.0.27703.2042
MinimumVisualStudioVersion = 10.0.40219.1
Project("{FAE04EC0-301F-11D3-BF4B-00C04F79EFBC}") = "DataSistema.Android", "DataSistema\DataSistema.Android\DataSistema.Android.csproj", "{63DF99B8-3520-4EB9-9549-5E4CE8D31FAD}"
EndProject
Project("{FAE04EC0-301F-11D3-BF4B-00C04F79EFBC}") = "DataSistema.iOS", "DataSistema\DataSistema.iOS\DataSistema.iOS.csproj", "{1AD5A733-26A0-4ABD-AEAA-47E76DB2BDE6}"
EndProject
Project("{FAE04EC0-301F-11D3-BF4B-00C04F79EFBC}") = "DataSistema.UWP", "DataSistema\DataSistema.UWP\DataSistema.UWP.csproj", "{9E296086-682F-45FC-B6D9-3F206BE679B7}"
EndProject
Project("{FAE04EC0-301F-11D3-BF4B-00C04F79EFBC}") = "DataSistema", "DataSistema\DataSistema\DataSistema.csproj", "{3D5CEC7C-3E5D-4092-8C55-802FE1A08B97}"
EndProject
Global
	GlobalSection(SolutionConfigurationPlatforms) = preSolution
		Ad-Hoc|Any CPU = Ad-Hoc|Any CPU
		Ad-Hoc|ARM = Ad-Hoc|ARM
		Ad-Hoc|iPhone = Ad-Hoc|iPhone
		Ad-Hoc|iPhoneSimulator = Ad-Hoc|iPhoneSimulator
		Ad-Hoc|x64 = Ad-Hoc|x64
		Ad-Hoc|x86 = Ad-Hoc|x86
		AppStore|Any CPU = AppStore|Any CPU
		AppStore|ARM = AppStore|ARM
		AppStore|iPhone = AppStore|iPhone
		AppStore|iPhoneSimulator = AppStore|iPhoneSimulator
		AppStore|x64 = AppStore|x64
		AppStore|x86 = AppStore|x86
		Debug|Any CPU = Debug|Any CPU
		Debug|ARM = Debug|ARM
		Debug|iPhone = Debug|iPhone
		Debug|iPhoneSimulator = Debug|iPhoneSimulator
		Debug|x64 = Debug|x64
		Debug|x86 = Debug|x86
		Release|Any CPU = Release|Any CPU
		Release|ARM = Release|ARM
		Release|iPhone = Release|iPhone
		Release|iPhoneSimulator = Release|iPhoneSimulator
		Release|x64 = Release|x64
		Release|x86 = Release|x86
	EndGlobalSection
	GlobalSection(ProjectConfigurationPlatforms) = postSolution
		{63DF99B8-3520-4EB9-9549-5E4CE8D31FAD}.Ad-Hoc|Any CPU.ActiveCfg = Release|Any CPU
		{63DF99B8-3520-4EB9-9549-5E4CE8D31FAD}.Ad-Hoc|Any CPU.Build.0 = Release|Any CPU
		{63DF99B8-3520-4EB9-9549-5E4CE8D31FAD}.Ad-Hoc|Any CPU.Deploy.0 = Release|Any CPU
		{63DF99B8-3520-4EB9-9549-5E4CE8D31FAD}.Ad-Hoc|ARM.ActiveCfg = Release|Any CPU
		{63DF99B8-3520-4EB9-9549-5E4CE8D31FAD}.Ad-Hoc|ARM.Build.0 = Release|Any CPU
		{63DF99B8-3520-4EB9-9549-5E4CE8D31FAD}.Ad-Hoc|ARM.Deploy.0 = Release|Any CPU
		{63DF99B8-3520-4EB9-9549-5E4CE8D31FAD}.Ad-Hoc|iPhone.ActiveCfg = Release|Any CPU
		{63DF99B8-3520-4EB9-9549-5E4CE8D31FAD}.Ad-Hoc|iPhone.Build.0 = Release|Any CPU
		{63DF99B8-3520-4EB9-9549-5E4CE8D31FAD}.Ad-Hoc|iPhone.Deploy.0 = Release|Any CPU
		{63DF99B8-3520-4EB9-9549-5E4CE8D31FAD}.Ad-Hoc|iPhoneSimulator.ActiveCfg = Release|Any CPU
		{63DF99B8-3520-4EB9-9549-5E4CE8D31FAD}.Ad-Hoc|iPhoneSimulator.Build.0 = Release|Any CPU
		{63DF99B8-3520-4EB9-9549-5E4CE8D31FAD}.Ad-Hoc|iPhoneSimulator.Deploy.0 = Release|Any CPU
		{63DF99B8-3520-4EB9-9549-5E4CE8D31FAD}.Ad-Hoc|x64.ActiveCfg = Release|Any CPU
		{63DF99B8-3520-4EB9-9549-5E4CE8D31FAD}.Ad-Hoc|x64.Build.0 = Release|Any CPU
		{63DF99B8-3520-4EB9-9549-5E4CE8D31FAD}.Ad-Hoc|x64.Deploy.0 = Release|Any CPU
		{63DF99B8-3520-4EB9-9549-5E4CE8D31FAD}.Ad-Hoc|x86.ActiveCfg = Release|Any CPU
		{63DF99B8-3520-4EB9-9549-5E4CE8D31FAD}.Ad-Hoc|x86.Build.0 = Release|Any CPU
		{63DF99B8-3520-4EB9-9549-5E4CE8D31FAD}.Ad-Hoc|x86.Deploy.0 = Release|Any CPU
		{63DF99B8-3520-4EB9-9549-5E4CE8D31FAD}.AppStore|Any CPU.ActiveCfg = Release|Any CPU
		{63DF99B8-3520-4EB9-9549-5E4CE8D31FAD}.AppStore|Any CPU.Build.0 = Release|Any CPU
		{63DF99B8-3520-4EB9-9549-5E4CE8D31FAD}.AppStore|Any CPU.Deploy.0 = Release|Any CPU
		{63DF99B8-3520-4EB9-9549-5E4CE8D31FAD}.AppStore|ARM.ActiveCfg = Release|Any CPU
		{63DF99B8-3520-4EB9-9549-5E4CE8D31FAD}.AppStore|ARM.Build.0 = Release|Any CPU
		{63DF99B8-3520-4EB9-9549-5E4CE8D31FAD}.AppStore|ARM.Deploy.0 = Release|Any CPU
		{63DF99B8-3520-4EB9-9549-5E4CE8D31FAD}.AppStore|iPhone.ActiveCfg = Release|Any CPU
		{63DF99B8-3520-4EB9-9549-5E4CE8D31FAD}.AppStore|iPhone.Build.0 = Release|Any CPU
		{63DF99B8-3520-4EB9-9549-5E4CE8D31FAD}.AppStore|iPhone.Deploy.0 = Release|Any CPU
		{63DF99B8-3520-4EB9-9549-5E4CE8D31FAD}.AppStore|iPhoneSimulator.ActiveCfg = Release|Any CPU
		{63DF99B8-3520-4EB9-9549-5E4CE8D31FAD}.AppStore|iPhoneSimulator.Build.0 = Release|Any CPU
		{63DF99B8-3520-4EB9-9549-5E4CE8D31FAD}.AppStore|iPhoneSimulator.Deploy.0 = Release|Any CPU
		{63DF99B8-3520-4EB9-9549-5E4CE8D31FAD}.AppStore|x64.ActiveCfg = Release|Any CPU
		{63DF99B8-3520-4EB9-9549-5E4CE8D31FAD}.AppStore|x64.Build.0 = Release|Any CPU
		{63DF99B8-3520-4EB9-9549-5E4CE8D31FAD}.AppStore|x64.Deploy.0 = Release|Any CPU
		{63DF99B8-3520-4EB9-9549-5E4CE8D31FAD}.AppStore|x86.ActiveCfg = Release|Any CPU
		{63DF99B8-3520-4EB9-9549-5E4CE8D31FAD}.AppStore|x86.Build.0 = Release|Any CPU
		{63DF99B8-3520-4EB9-9549-5E4CE8D31FAD}.AppStore|x86.Deploy.0 = Release|Any CPU
		{63DF99B8-3520-4EB9-9549-5E4CE8D31FAD}.Debug|Any CPU.ActiveCfg = Debug|Any CPU
		{63DF99B8-3520-4EB9-9549-5E4CE8D31FAD}.Debug|Any CPU.Build.0 = Debug|Any CPU
		{63DF99B8-3520-4EB9-9549-5E4CE8D31FAD}.Debug|Any CPU.Deploy.0 = Debug|Any CPU
		{63DF99B8-3520-4EB9-9549-5E4CE8D31FAD}.Debug|ARM.ActiveCfg = Debug|Any CPU
		{63DF99B8-3520-4EB9-9549-5E4CE8D31FAD}.Debug|ARM.Build.0 = Debug|Any CPU
		{63DF99B8-3520-4EB9-9549-5E4CE8D31FAD}.Debug|ARM.Deploy.0 = Debug|Any CPU
		{63DF99B8-3520-4EB9-9549-5E4CE8D31FAD}.Debug|iPhone.ActiveCfg = Debug|Any CPU
		{63DF99B8-3520-4EB9-9549-5E4CE8D31FAD}.Debug|iPhone.Build.0 = Debug|Any CPU
		{63DF99B8-3520-4EB9-9549-5E4CE8D31FAD}.Debug|iPhone.Deploy.0 = Debug|Any CPU
		{63DF99B8-3520-4EB9-9549-5E4CE8D31FAD}.Debug|iPhoneSimulator.ActiveCfg = Debug|Any CPU
		{63DF99B8-3520-4EB9-9549-5E4CE8D31FAD}.Debug|iPhoneSimulator.Build.0 = Debug|Any CPU
		{63DF99B8-3520-4EB9-9549-5E4CE8D31FAD}.Debug|iPhoneSimulator.Deploy.0 = Debug|Any CPU
		{63DF99B8-3520-4EB9-9549-5E4CE8D31FAD}.Debug|x64.ActiveCfg = Debug|Any CPU
		{63DF99B8-3520-4EB9-9549-5E4CE8D31FAD}.Debug|x64.Build.0 = Debug|Any CPU
		{63DF99B8-3520-4EB9-9549-5E4CE8D31FAD}.Debug|x64.Deploy.0 = Debug|Any CPU
		{63DF99B8-3520-4EB9-9549-5E4CE8D31FAD}.Debug|x86.ActiveCfg = Debug|Any CPU
		{63DF99B8-3520-4EB9-9549-5E4CE8D31FAD}.Debug|x86.Build.0 = Debug|Any CPU
		{63DF99B8-3520-4EB9-9549-5E4CE8D31FAD}.Debug|x86.Deploy.0 = Debug|Any CPU
		{63DF99B8-3520-4EB9-9549-5E4CE8D31FAD}.Release|Any CPU.ActiveCfg = Release|Any CPU
		{63DF99B8-3520-4EB9-9549-5E4CE8D31FAD}.Release|Any CPU.Build.0 = Release|Any CPU
		{63DF99B8-3520-4EB9-9549-5E4CE8D31FAD}.Release|Any CPU.Deploy.0 = Release|Any CPU
		{63DF99B8-3520-4EB9-9549-5E4CE8D31FAD}.Release|ARM.ActiveCfg = Release|Any CPU
		{63DF99B8-3520-4EB9-9549-5E4CE8D31FAD}.Release|ARM.Build.0 = Release|Any CPU
		{63DF99B8-3520-4EB9-9549-5E4CE8D31FAD}.Release|ARM.Deploy.0 = Release|Any CPU
		{63DF99B8-3520-4EB9-9549-5E4CE8D31FAD}.Release|iPhone.ActiveCfg = Release|Any CPU
		{63DF99B8-3520-4EB9-9549-5E4CE8D31FAD}.Release|iPhone.Build.0 = Release|Any CPU
		{63DF99B8-3520-4EB9-9549-5E4CE8D31FAD}.Release|iPhone.Deploy.0 = Release|Any CPU
		{63DF99B8-3520-4EB9-9549-5E4CE8D31FAD}.Release|iPhoneSimulator.ActiveCfg = Release|Any CPU
		{63DF99B8-3520-4EB9-9549-5E4CE8D31FAD}.Release|iPhoneSimulator.Build.0 = Release|Any CPU
		{63DF99B8-3520-4EB9-9549-5E4CE8D31FAD}.Release|iPhoneSimulator.Deploy.0 = Release|Any CPU
		{63DF99B8-3520-4EB9-9549-5E4CE8D31FAD}.Release|x64.ActiveCfg = Release|Any CPU
		{63DF99B8-3520-4EB9-9549-5E4CE8D31FAD}.Release|x64.Build.0 = Release|Any CPU
		{63DF99B8-3520-4EB9-9549-5E4CE8D31FAD}.Release|x64.Deploy.0 = Release|Any CPU
		{63DF99B8-3520-4EB9-9549-5E4CE8D31FAD}.Release|x86.ActiveCfg = Release|Any CPU
		{63DF99B8-3520-4EB9-9549-5E4CE8D31FAD}.Release|x86.Build.0 = Release|Any CPU
		{63DF99B8-3520-4EB9-9549-5E4CE8D31FAD}.Release|x86.Deploy.0 = Release|Any CPU
		{1AD5A733-26A0-4ABD-AEAA-47E76DB2BDE6}.Ad-Hoc|Any CPU.ActiveCfg = Ad-Hoc|iPhone
		{1AD5A733-26A0-4ABD-AEAA-47E76DB2BDE6}.Ad-Hoc|Any CPU.Build.0 = Ad-Hoc|iPhone
		{1AD5A733-26A0-4ABD-AEAA-47E76DB2BDE6}.Ad-Hoc|Any CPU.Deploy.0 = Ad-Hoc|iPhone
		{1AD5A733-26A0-4ABD-AEAA-47E76DB2BDE6}.Ad-Hoc|ARM.ActiveCfg = Ad-Hoc|iPhone
		{1AD5A733-26A0-4ABD-AEAA-47E76DB2BDE6}.Ad-Hoc|ARM.Build.0 = Ad-Hoc|iPhone
		{1AD5A733-26A0-4ABD-AEAA-47E76DB2BDE6}.Ad-Hoc|ARM.Deploy.0 = Ad-Hoc|iPhone
		{1AD5A733-26A0-4ABD-AEAA-47E76DB2BDE6}.Ad-Hoc|iPhone.ActiveCfg = Ad-Hoc|iPhone
		{1AD5A733-26A0-4ABD-AEAA-47E76DB2BDE6}.Ad-Hoc|iPhone.Build.0 = Ad-Hoc|iPhone
		{1AD5A733-26A0-4ABD-AEAA-47E76DB2BDE6}.Ad-Hoc|iPhone.Deploy.0 = Ad-Hoc|iPhone
		{1AD5A733-26A0-4ABD-AEAA-47E76DB2BDE6}.Ad-Hoc|iPhoneSimulator.ActiveCfg = Ad-Hoc|iPhoneSimulator
		{1AD5A733-26A0-4ABD-AEAA-47E76DB2BDE6}.Ad-Hoc|iPhoneSimulator.Build.0 = Ad-Hoc|iPhoneSimulator
		{1AD5A733-26A0-4ABD-AEAA-47E76DB2BDE6}.Ad-Hoc|iPhoneSimulator.Deploy.0 = Ad-Hoc|iPhoneSimulator
		{1AD5A733-26A0-4ABD-AEAA-47E76DB2BDE6}.Ad-Hoc|x64.ActiveCfg = Ad-Hoc|iPhone
		{1AD5A733-26A0-4ABD-AEAA-47E76DB2BDE6}.Ad-Hoc|x64.Build.0 = Ad-Hoc|iPhone
		{1AD5A733-26A0-4ABD-AEAA-47E76DB2BDE6}.Ad-Hoc|x64.Deploy.0 = Ad-Hoc|iPhone
		{1AD5A733-26A0-4ABD-AEAA-47E76DB2BDE6}.Ad-Hoc|x86.ActiveCfg = Ad-Hoc|iPhone
		{1AD5A733-26A0-4ABD-AEAA-47E76DB2BDE6}.Ad-Hoc|x86.Build.0 = Ad-Hoc|iPhone
		{1AD5A733-26A0-4ABD-AEAA-47E76DB2BDE6}.Ad-Hoc|x86.Deploy.0 = Ad-Hoc|iPhone
		{1AD5A733-26A0-4ABD-AEAA-47E76DB2BDE6}.AppStore|Any CPU.ActiveCfg = AppStore|iPhone
		{1AD5A733-26A0-4ABD-AEAA-47E76DB2BDE6}.AppStore|Any CPU.Build.0 = AppStore|iPhone
		{1AD5A733-26A0-4ABD-AEAA-47E76DB2BDE6}.AppStore|Any CPU.Deploy.0 = AppStore|iPhone
		{1AD5A733-26A0-4ABD-AEAA-47E76DB2BDE6}.AppStore|ARM.ActiveCfg = AppStore|iPhone
		{1AD5A733-26A0-4ABD-AEAA-47E76DB2BDE6}.AppStore|ARM.Build.0 = AppStore|iPhone
		{1AD5A733-26A0-4ABD-AEAA-47E76DB2BDE6}.AppStore|ARM.Deploy.0 = AppStore|iPhone
		{1AD5A733-26A0-4ABD-AEAA-47E76DB2BDE6}.AppStore|iPhone.ActiveCfg = AppStore|iPhone
		{1AD5A733-26A0-4ABD-AEAA-47E76DB2BDE6}.AppStore|iPhone.Build.0 = AppStore|iPhone
		{1AD5A733-26A0-4ABD-AEAA-47E76DB2BDE6}.AppStore|iPhone.Deploy.0 = AppStore|iPhone
		{1AD5A733-26A0-4ABD-AEAA-47E76DB2BDE6}.AppStore|iPhoneSimulator.ActiveCfg = AppStore|iPhoneSimulator
		{1AD5A733-26A0-4ABD-AEAA-47E76DB2BDE6}.AppStore|iPhoneSimulator.Build.0 = AppStore|iPhoneSimulator
		{1AD5A733-26A0-4ABD-AEAA-47E76DB2BDE6}.AppStore|iPhoneSimulator.Deploy.0 = AppStore|iPhoneSimulator
		{1AD5A733-26A0-4ABD-AEAA-47E76DB2BDE6}.AppStore|x64.ActiveCfg = AppStore|iPhone
		{1AD5A733-26A0-4ABD-AEAA-47E76DB2BDE6}.AppStore|x64.Build.0 = AppStore|iPhone
		{1AD5A733-26A0-4ABD-AEAA-47E76DB2BDE6}.AppStore|x64.Deploy.0 = AppStore|iPhone
		{1AD5A733-26A0-4ABD-AEAA-47E76DB2BDE6}.AppStore|x86.ActiveCfg = AppStore|iPhone
		{1AD5A733-26A0-4ABD-AEAA-47E76DB2BDE6}.AppStore|x86.Build.0 = AppStore|iPhone
		{1AD5A733-26A0-4ABD-AEAA-47E76DB2BDE6}.AppStore|x86.Deploy.0 = AppStore|iPhone
		{1AD5A733-26A0-4ABD-AEAA-47E76DB2BDE6}.Debug|Any CPU.ActiveCfg = Debug|iPhoneSimulator
		{1AD5A733-26A0-4ABD-AEAA-47E76DB2BDE6}.Debug|Any CPU.Build.0 = Debug|iPhoneSimulator
		{1AD5A733-26A0-4ABD-AEAA-47E76DB2BDE6}.Debug|Any CPU.Deploy.0 = Debug|iPhoneSimulator
		{1AD5A733-26A0-4ABD-AEAA-47E76DB2BDE6}.Debug|ARM.ActiveCfg = Debug|iPhone
		{1AD5A733-26A0-4ABD-AEAA-47E76DB2BDE6}.Debug|ARM.Build.0 = Debug|iPhone
		{1AD5A733-26A0-4ABD-AEAA-47E76DB2BDE6}.Debug|ARM.Deploy.0 = Debug|iPhone
		{1AD5A733-26A0-4ABD-AEAA-47E76DB2BDE6}.Debug|iPhone.ActiveCfg = Debug|iPhone
		{1AD5A733-26A0-4ABD-AEAA-47E76DB2BDE6}.Debug|iPhone.Build.0 = Debug|iPhone
		{1AD5A733-26A0-4ABD-AEAA-47E76DB2BDE6}.Debug|iPhone.Deploy.0 = Debug|iPhone
		{1AD5A733-26A0-4ABD-AEAA-47E76DB2BDE6}.Debug|iPhoneSimulator.ActiveCfg = Debug|iPhoneSimulator
		{1AD5A733-26A0-4ABD-AEAA-47E76DB2BDE6}.Debug|iPhoneSimulator.Build.0 = Debug|iPhoneSimulator
		{1AD5A733-26A0-4ABD-AEAA-47E76DB2BDE6}.Debug|iPhoneSimulator.Deploy.0 = Debug|iPhoneSimulator
		{1AD5A733-26A0-4ABD-AEAA-47E76DB2BDE6}.Debug|x64.ActiveCfg = Debug|iPhone
		{1AD5A733-26A0-4ABD-AEAA-47E76DB2BDE6}.Debug|x64.Build.0 = Debug|iPhone
		{1AD5A733-26A0-4ABD-AEAA-47E76DB2BDE6}.Debug|x64.Deploy.0 = Debug|iPhone
		{1AD5A733-26A0-4ABD-AEAA-47E76DB2BDE6}.Debug|x86.ActiveCfg = Debug|iPhone
		{1AD5A733-26A0-4ABD-AEAA-47E76DB2BDE6}.Debug|x86.Build.0 = Debug|iPhone
		{1AD5A733-26A0-4ABD-AEAA-47E76DB2BDE6}.Debug|x86.Deploy.0 = Debug|iPhone
		{1AD5A733-26A0-4ABD-AEAA-47E76DB2BDE6}.Release|Any CPU.ActiveCfg = Release|iPhone
		{1AD5A733-26A0-4ABD-AEAA-47E76DB2BDE6}.Release|Any CPU.Build.0 = Release|iPhone
		{1AD5A733-26A0-4ABD-AEAA-47E76DB2BDE6}.Release|Any CPU.Deploy.0 = Release|iPhone
		{1AD5A733-26A0-4ABD-AEAA-47E76DB2BDE6}.Release|ARM.ActiveCfg = Release|iPhone
		{1AD5A733-26A0-4ABD-AEAA-47E76DB2BDE6}.Release|ARM.Build.0 = Release|iPhone
		{1AD5A733-26A0-4ABD-AEAA-47E76DB2BDE6}.Release|ARM.Deploy.0 = Release|iPhone
		{1AD5A733-26A0-4ABD-AEAA-47E76DB2BDE6}.Release|iPhone.ActiveCfg = Release|iPhone
		{1AD5A733-26A0-4ABD-AEAA-47E76DB2BDE6}.Release|iPhone.Build.0 = Release|iPhone
		{1AD5A733-26A0-4ABD-AEAA-47E76DB2BDE6}.Release|iPhone.Deploy.0 = Release|iPhone
		{1AD5A733-26A0-4ABD-AEAA-47E76DB2BDE6}.Release|iPhoneSimulator.ActiveCfg = Release|iPhoneSimulator
		{1AD5A733-26A0-4ABD-AEAA-47E76DB2BDE6}.Release|iPhoneSimulator.Build.0 = Release|iPhoneSimulator
		{1AD5A733-26A0-4ABD-AEAA-47E76DB2BDE6}.Release|iPhoneSimulator.Deploy.0 = Release|iPhoneSimulator
		{1AD5A733-26A0-4ABD-AEAA-47E76DB2BDE6}.Release|x64.ActiveCfg = Release|iPhone
		{1AD5A733-26A0-4ABD-AEAA-47E76DB2BDE6}.Release|x64.Build.0 = Release|iPhone
		{1AD5A733-26A0-4ABD-AEAA-47E76DB2BDE6}.Release|x64.Deploy.0 = Release|iPhone
		{1AD5A733-26A0-4ABD-AEAA-47E76DB2BDE6}.Release|x86.ActiveCfg = Release|iPhone
		{1AD5A733-26A0-4ABD-AEAA-47E76DB2BDE6}.Release|x86.Build.0 = Release|iPhone
		{1AD5A733-26A0-4ABD-AEAA-47E76DB2BDE6}.Release|x86.Deploy.0 = Release|iPhone
		{9E296086-682F-45FC-B6D9-3F206BE679B7}.Ad-Hoc|Any CPU.ActiveCfg = Release|x86
		{9E296086-682F-45FC-B6D9-3F206BE679B7}.Ad-Hoc|Any CPU.Build.0 = Release|x86
		{9E296086-682F-45FC-B6D9-3F206BE679B7}.Ad-Hoc|Any CPU.Deploy.0 = Release|x86
		{9E296086-682F-45FC-B6D9-3F206BE679B7}.Ad-Hoc|ARM.ActiveCfg = Release|ARM
		{9E296086-682F-45FC-B6D9-3F206BE679B7}.Ad-Hoc|ARM.Build.0 = Release|ARM
		{9E296086-682F-45FC-B6D9-3F206BE679B7}.Ad-Hoc|ARM.Deploy.0 = Release|ARM
		{9E296086-682F-45FC-B6D9-3F206BE679B7}.Ad-Hoc|iPhone.ActiveCfg = Release|x86
		{9E296086-682F-45FC-B6D9-3F206BE679B7}.Ad-Hoc|iPhone.Build.0 = Release|x86
		{9E296086-682F-45FC-B6D9-3F206BE679B7}.Ad-Hoc|iPhone.Deploy.0 = Release|x86
		{9E296086-682F-45FC-B6D9-3F206BE679B7}.Ad-Hoc|iPhoneSimulator.ActiveCfg = Release|x86
		{9E296086-682F-45FC-B6D9-3F206BE679B7}.Ad-Hoc|iPhoneSimulator.Build.0 = Release|x86
		{9E296086-682F-45FC-B6D9-3F206BE679B7}.Ad-Hoc|iPhoneSimulator.Deploy.0 = Release|x86
		{9E296086-682F-45FC-B6D9-3F206BE679B7}.Ad-Hoc|x64.ActiveCfg = Release|x64
		{9E296086-682F-45FC-B6D9-3F206BE679B7}.Ad-Hoc|x64.Build.0 = Release|x64
		{9E296086-682F-45FC-B6D9-3F206BE679B7}.Ad-Hoc|x64.Deploy.0 = Release|x64
		{9E296086-682F-45FC-B6D9-3F206BE679B7}.Ad-Hoc|x86.ActiveCfg = Release|x86
		{9E296086-682F-45FC-B6D9-3F206BE679B7}.Ad-Hoc|x86.Build.0 = Release|x86
		{9E296086-682F-45FC-B6D9-3F206BE679B7}.Ad-Hoc|x86.Deploy.0 = Release|x86
		{9E296086-682F-45FC-B6D9-3F206BE679B7}.AppStore|Any CPU.ActiveCfg = Release|x86
		{9E296086-682F-45FC-B6D9-3F206BE679B7}.AppStore|Any CPU.Build.0 = Release|x86
		{9E296086-682F-45FC-B6D9-3F206BE679B7}.AppStore|Any CPU.Deploy.0 = Release|x86
		{9E296086-682F-45FC-B6D9-3F206BE679B7}.AppStore|ARM.ActiveCfg = Release|ARM
		{9E296086-682F-45FC-B6D9-3F206BE679B7}.AppStore|ARM.Build.0 = Release|ARM
		{9E296086-682F-45FC-B6D9-3F206BE679B7}.AppStore|ARM.Deploy.0 = Release|ARM
		{9E296086-682F-45FC-B6D9-3F206BE679B7}.AppStore|iPhone.ActiveCfg = Release|x86
		{9E296086-682F-45FC-B6D9-3F206BE679B7}.AppStore|iPhone.Build.0 = Release|x86
		{9E296086-682F-45FC-B6D9-3F206BE679B7}.AppStore|iPhone.Deploy.0 = Release|x86
		{9E296086-682F-45FC-B6D9-3F206BE679B7}.AppStore|iPhoneSimulator.ActiveCfg = Release|x86
		{9E296086-682F-45FC-B6D9-3F206BE679B7}.AppStore|iPhoneSimulator.Build.0 = Release|x86
		{9E296086-682F-45FC-B6D9-3F206BE679B7}.AppStore|iPhoneSimulator.Deploy.0 = Release|x86
		{9E296086-682F-45FC-B6D9-3F206BE679B7}.AppStore|x64.ActiveCfg = Release|x64
		{9E296086-682F-45FC-B6D9-3F206BE679B7}.AppStore|x64.Build.0 = Release|x64
		{9E296086-682F-45FC-B6D9-3F206BE679B7}.AppStore|x64.Deploy.0 = Release|x64
		{9E296086-682F-45FC-B6D9-3F206BE679B7}.AppStore|x86.ActiveCfg = Release|x86
		{9E296086-682F-45FC-B6D9-3F206BE679B7}.AppStore|x86.Build.0 = Release|x86
		{9E296086-682F-45FC-B6D9-3F206BE679B7}.AppStore|x86.Deploy.0 = Release|x86
		{9E296086-682F-45FC-B6D9-3F206BE679B7}.Debug|Any CPU.ActiveCfg = Debug|x86
		{9E296086-682F-45FC-B6D9-3F206BE679B7}.Debug|Any CPU.Build.0 = Debug|x86
		{9E296086-682F-45FC-B6D9-3F206BE679B7}.Debug|Any CPU.Deploy.0 = Debug|x86
		{9E296086-682F-45FC-B6D9-3F206BE679B7}.Debug|ARM.ActiveCfg = Debug|ARM
		{9E296086-682F-45FC-B6D9-3F206BE679B7}.Debug|ARM.Build.0 = Debug|ARM
		{9E296086-682F-45FC-B6D9-3F206BE679B7}.Debug|ARM.Deploy.0 = Debug|ARM
		{9E296086-682F-45FC-B6D9-3F206BE679B7}.Debug|iPhone.ActiveCfg = Debug|x86
		{9E296086-682F-45FC-B6D9-3F206BE679B7}.Debug|iPhone.Build.0 = Debug|x86
		{9E296086-682F-45FC-B6D9-3F206BE679B7}.Debug|iPhone.Deploy.0 = Debug|x86
		{9E296086-682F-45FC-B6D9-3F206BE679B7}.Debug|iPhoneSimulator.ActiveCfg = Debug|x86
		{9E296086-682F-45FC-B6D9-3F206BE679B7}.Debug|iPhoneSimulator.Build.0 = Debug|x86
		{9E296086-682F-45FC-B6D9-3F206BE679B7}.Debug|iPhoneSimulator.Deploy.0 = Debug|x86
		{9E296086-682F-45FC-B6D9-3F206BE679B7}.Debug|x64.ActiveCfg = Debug|x64
		{9E296086-682F-45FC-B6D9-3F206BE679B7}.Debug|x64.Build.0 = Debug|x64
		{9E296086-682F-45FC-B6D9-3F206BE679B7}.Debug|x64.Deploy.0 = Debug|x64
		{9E296086-682F-45FC-B6D9-3F206BE679B7}.Debug|x86.ActiveCfg = Debug|x86
		{9E296086-682F-45FC-B6D9-3F206BE679B7}.Debug|x86.Build.0 = Debug|x86
		{9E296086-682F-45FC-B6D9-3F206BE679B7}.Debug|x86.Deploy.0 = Debug|x86
		{9E296086-682F-45FC-B6D9-3F206BE679B7}.Release|Any CPU.ActiveCfg = Release|x86
		{9E296086-682F-45FC-B6D9-3F206BE679B7}.Release|Any CPU.Build.0 = Release|x86
		{9E296086-682F-45FC-B6D9-3F206BE679B7}.Release|Any CPU.Deploy.0 = Release|x86
		{9E296086-682F-45FC-B6D9-3F206BE679B7}.Release|ARM.ActiveCfg = Release|ARM
		{9E296086-682F-45FC-B6D9-3F206BE679B7}.Release|ARM.Build.0 = Release|ARM
		{9E296086-682F-45FC-B6D9-3F206BE679B7}.Release|ARM.Deploy.0 = Release|ARM
		{9E296086-682F-45FC-B6D9-3F206BE679B7}.Release|iPhone.ActiveCfg = Release|x86
		{9E296086-682F-45FC-B6D9-3F206BE679B7}.Release|iPhone.Build.0 = Release|x86
		{9E296086-682F-45FC-B6D9-3F206BE679B7}.Release|iPhone.Deploy.0 = Release|x86
		{9E296086-682F-45FC-B6D9-3F206BE679B7}.Release|iPhoneSimulator.ActiveCfg = Release|x86
		{9E296086-682F-45FC-B6D9-3F206BE679B7}.Release|iPhoneSimulator.Build.0 = Release|x86
		{9E296086-682F-45FC-B6D9-3F206BE679B7}.Release|iPhoneSimulator.Deploy.0 = Release|x86
		{9E296086-682F-45FC-B6D9-3F206BE679B7}.Release|x64.ActiveCfg = Release|x64
		{9E296086-682F-45FC-B6D9-3F206BE679B7}.Release|x64.Build.0 = Release|x64
		{9E296086-682F-45FC-B6D9-3F206BE679B7}.Release|x64.Deploy.0 = Release|x64
		{9E296086-682F-45FC-B6D9-3F206BE679B7}.Release|x86.ActiveCfg = Release|x86
		{9E296086-682F-45FC-B6D9-3F206BE679B7}.Release|x86.Build.0 = Release|x86
		{9E296086-682F-45FC-B6D9-3F206BE679B7}.Release|x86.Deploy.0 = Release|x86
		{3D5CEC7C-3E5D-4092-8C55-802FE1A08B97}.Ad-Hoc|Any CPU.ActiveCfg = Debug|Any CPU
		{3D5CEC7C-3E5D-4092-8C55-802FE1A08B97}.Ad-Hoc|Any CPU.Build.0 = Debug|Any CPU
		{3D5CEC7C-3E5D-4092-8C55-802FE1A08B97}.Ad-Hoc|Any CPU.Deploy.0 = Debug|Any CPU
		{3D5CEC7C-3E5D-4092-8C55-802FE1A08B97}.Ad-Hoc|ARM.ActiveCfg = Debug|Any CPU
		{3D5CEC7C-3E5D-4092-8C55-802FE1A08B97}.Ad-Hoc|ARM.Build.0 = Debug|Any CPU
		{3D5CEC7C-3E5D-4092-8C55-802FE1A08B97}.Ad-Hoc|ARM.Deploy.0 = Debug|Any CPU
		{3D5CEC7C-3E5D-4092-8C55-802FE1A08B97}.Ad-Hoc|iPhone.ActiveCfg = Debug|Any CPU
		{3D5CEC7C-3E5D-4092-8C55-802FE1A08B97}.Ad-Hoc|iPhone.Build.0 = Debug|Any CPU
		{3D5CEC7C-3E5D-4092-8C55-802FE1A08B97}.Ad-Hoc|iPhone.Deploy.0 = Debug|Any CPU
		{3D5CEC7C-3E5D-4092-8C55-802FE1A08B97}.Ad-Hoc|iPhoneSimulator.ActiveCfg = Debug|Any CPU
		{3D5CEC7C-3E5D-4092-8C55-802FE1A08B97}.Ad-Hoc|iPhoneSimulator.Build.0 = Debug|Any CPU
		{3D5CEC7C-3E5D-4092-8C55-802FE1A08B97}.Ad-Hoc|iPhoneSimulator.Deploy.0 = Debug|Any CPU
		{3D5CEC7C-3E5D-4092-8C55-802FE1A08B97}.Ad-Hoc|x64.ActiveCfg = Debug|Any CPU
		{3D5CEC7C-3E5D-4092-8C55-802FE1A08B97}.Ad-Hoc|x64.Build.0 = Debug|Any CPU
		{3D5CEC7C-3E5D-4092-8C55-802FE1A08B97}.Ad-Hoc|x64.Deploy.0 = Debug|Any CPU
		{3D5CEC7C-3E5D-4092-8C55-802FE1A08B97}.Ad-Hoc|x86.ActiveCfg = Debug|Any CPU
		{3D5CEC7C-3E5D-4092-8C55-802FE1A08B97}.Ad-Hoc|x86.Build.0 = Debug|Any CPU
		{3D5CEC7C-3E5D-4092-8C55-802FE1A08B97}.Ad-Hoc|x86.Deploy.0 = Debug|Any CPU
		{3D5CEC7C-3E5D-4092-8C55-802FE1A08B97}.AppStore|Any CPU.ActiveCfg = Debug|Any CPU
		{3D5CEC7C-3E5D-4092-8C55-802FE1A08B97}.AppStore|Any CPU.Build.0 = Debug|Any CPU
		{3D5CEC7C-3E5D-4092-8C55-802FE1A08B97}.AppStore|Any CPU.Deploy.0 = Debug|Any CPU
		{3D5CEC7C-3E5D-4092-8C55-802FE1A08B97}.AppStore|ARM.ActiveCfg = Debug|Any CPU
		{3D5CEC7C-3E5D-4092-8C55-802FE1A08B97}.AppStore|ARM.Build.0 = Debug|Any CPU
		{3D5CEC7C-3E5D-4092-8C55-802FE1A08B97}.AppStore|ARM.Deploy.0 = Debug|Any CPU
		{3D5CEC7C-3E5D-4092-8C55-802FE1A08B97}.AppStore|iPhone.ActiveCfg = Debug|Any CPU
		{3D5CEC7C-3E5D-4092-8C55-802FE1A08B97}.AppStore|iPhone.Build.0 = Debug|Any CPU
		{3D5CEC7C-3E5D-4092-8C55-802FE1A08B97}.AppStore|iPhone.Deploy.0 = Debug|Any CPU
		{3D5CEC7C-3E5D-4092-8C55-802FE1A08B97}.AppStore|iPhoneSimulator.ActiveCfg = Debug|Any CPU
		{3D5CEC7C-3E5D-4092-8C55-802FE1A08B97}.AppStore|iPhoneSimulator.Build.0 = Debug|Any CPU
		{3D5CEC7C-3E5D-4092-8C55-802FE1A08B97}.AppStore|iPhoneSimulator.Deploy.0 = Debug|Any CPU
		{3D5CEC7C-3E5D-4092-8C55-802FE1A08B97}.AppStore|x64.ActiveCfg = Debug|Any CPU
		{3D5CEC7C-3E5D-4092-8C55-802FE1A08B97}.AppStore|x64.Build.0 = Debug|Any CPU
		{3D5CEC7C-3E5D-4092-8C55-802FE1A08B97}.AppStore|x64.Deploy.0 = Debug|Any CPU
		{3D5CEC7C-3E5D-4092-8C55-802FE1A08B97}.AppStore|x86.ActiveCfg = Debug|Any CPU
		{3D5CEC7C-3E5D-4092-8C55-802FE1A08B97}.AppStore|x86.Build.0 = Debug|Any CPU
		{3D5CEC7C-3E5D-4092-8C55-802FE1A08B97}.AppStore|x86.Deploy.0 = Debug|Any CPU
		{3D5CEC7C-3E5D-4092-8C55-802FE1A08B97}.Debug|Any CPU.ActiveCfg = Debug|Any CPU
		{3D5CEC7C-3E5D-4092-8C55-802FE1A08B97}.Debug|Any CPU.Build.0 = Debug|Any CPU
		{3D5CEC7C-3E5D-4092-8C55-802FE1A08B97}.Debug|Any CPU.Deploy.0 = Debug|Any CPU
		{3D5CEC7C-3E5D-4092-8C55-802FE1A08B97}.Debug|ARM.ActiveCfg = Debug|Any CPU
		{3D5CEC7C-3E5D-4092-8C55-802FE1A08B97}.Debug|ARM.Build.0 = Debug|Any CPU
		{3D5CEC7C-3E5D-4092-8C55-802FE1A08B97}.Debug|ARM.Deploy.0 = Debug|Any CPU
		{3D5CEC7C-3E5D-4092-8C55-802FE1A08B97}.Debug|iPhone.ActiveCfg = Debug|Any CPU
		{3D5CEC7C-3E5D-4092-8C55-802FE1A08B97}.Debug|iPhone.Build.0 = Debug|Any CPU
		{3D5CEC7C-3E5D-4092-8C55-802FE1A08B97}.Debug|iPhone.Deploy.0 = Debug|Any CPU
		{3D5CEC7C-3E5D-4092-8C55-802FE1A08B97}.Debug|iPhoneSimulator.ActiveCfg = Debug|Any CPU
		{3D5CEC7C-3E5D-4092-8C55-802FE1A08B97}.Debug|iPhoneSimulator.Build.0 = Debug|Any CPU
		{3D5CEC7C-3E5D-4092-8C55-802FE1A08B97}.Debug|iPhoneSimulator.Deploy.0 = Debug|Any CPU
		{3D5CEC7C-3E5D-4092-8C55-802FE1A08B97}.Debug|x64.ActiveCfg = Debug|Any CPU
		{3D5CEC7C-3E5D-4092-8C55-802FE1A08B97}.Debug|x64.Build.0 = Debug|Any CPU
		{3D5CEC7C-3E5D-4092-8C55-802FE1A08B97}.Debug|x64.Deploy.0 = Debug|Any CPU
		{3D5CEC7C-3E5D-4092-8C55-802FE1A08B97}.Debug|x86.ActiveCfg = Debug|Any CPU
		{3D5CEC7C-3E5D-4092-8C55-802FE1A08B97}.Debug|x86.Build.0 = Debug|Any CPU
		{3D5CEC7C-3E5D-4092-8C55-802FE1A08B97}.Debug|x86.Deploy.0 = Debug|Any CPU
		{3D5CEC7C-3E5D-4092-8C55-802FE1A08B97}.Release|Any CPU.ActiveCfg = Release|Any CPU
		{3D5CEC7C-3E5D-4092-8C55-802FE1A08B97}.Release|Any CPU.Build.0 = Release|Any CPU
		{3D5CEC7C-3E5D-4092-8C55-802FE1A08B97}.Release|Any CPU.Deploy.0 = Release|Any CPU
		{3D5CEC7C-3E5D-4092-8C55-802FE1A08B97}.Release|ARM.ActiveCfg = Release|Any CPU
		{3D5CEC7C-3E5D-4092-8C55-802FE1A08B97}.Release|ARM.Build.0 = Release|Any CPU
		{3D5CEC7C-3E5D-4092-8C55-802FE1A08B97}.Release|ARM.Deploy.0 = Release|Any CPU
		{3D5CEC7C-3E5D-4092-8C55-802FE1A08B97}.Release|iPhone.ActiveCfg = Release|Any CPU
		{3D5CEC7C-3E5D-4092-8C55-802FE1A08B97}.Release|iPhone.Build.0 = Release|Any CPU
		{3D5CEC7C-3E5D-4092-8C55-802FE1A08B97}.Release|iPhone.Deploy.0 = Release|Any CPU
		{3D5CEC7C-3E5D-4092-8C55-802FE1A08B97}.Release|iPhoneSimulator.ActiveCfg = Release|Any CPU
		{3D5CEC7C-3E5D-4092-8C55-802FE1A08B97}.Release|iPhoneSimulator.Build.0 = Release|Any CPU
		{3D5CEC7C-3E5D-4092-8C55-802FE1A08B97}.Release|iPhoneSimulator.Deploy.0 = Release|Any CPU
		{3D5CEC7C-3E5D-4092-8C55-802FE1A08B97}.Release|x64.ActiveCfg = Release|Any CPU
		{3D5CEC7C-3E5D-4092-8C55-802FE1A08B97}.Release|x64.Build.0 = Release|Any CPU
		{3D5CEC7C-3E5D-4092-8C55-802FE1A08B97}.Release|x64.Deploy.0 = Release|Any CPU
		{3D5CEC7C-3E5D-4092-8C55-802FE1A08B97}.Release|x86.ActiveCfg = Release|Any CPU
		{3D5CEC7C-3E5D-4092-8C55-802FE1A08B97}.Release|x86.Build.0 = Release|Any CPU
		{3D5CEC7C-3E5D-4092-8C55-802FE1A08B97}.Release|x86.Deploy.0 = Release|Any CPU
	EndGlobalSection
	GlobalSection(SolutionProperties) = preSolution
		HideSolutionNode = FALSE
	EndGlobalSection
	GlobalSection(ExtensibilityGlobals) = postSolution
		SolutionGuid = {D703102E-9D4E-4F20-BB38-E900352D9D34}
	EndGlobalSection
EndGlobal
